
Microsoft Visual Studio Solution File, Format Version 12.00
# Visual Studio Version 16
VisualStudioVersion = 16.0.29709.97
MinimumVisualStudioVersion = 10.0.40219.1
Project("{FAE04EC0-301F-11D3-BF4B-00C04F79EFBC}") = "CookieAuth", "CookieAuth\CookieAuth.csproj", "{F807F679-376F-4760-8EF8-A2DE0BB3926E}"
EndProject
Global
	GlobalSection(SolutionConfigurationPlatforms) = preSolution
		Debug|Any CPU = Debug|Any CPU
		Release|Any CPU = Release|Any CPU
	EndGlobalSection
	GlobalSection(ProjectConfigurationPlatforms) = postSolution
		{F807F679-376F-4760-8EF8-A2DE0BB3926E}.Debug|Any CPU.ActiveCfg = Debug|Any CPU
		{F807F679-376F-4760-8EF8-A2DE0BB3926E}.Debug|Any CPU.Build.0 = Debug|Any CPU
		{F807F679-376F-4760-8EF8-A2DE0BB3926E}.Release|Any CPU.ActiveCfg = Release|Any CPU
		{F807F679-376F-4760-8EF8-A2DE0BB3926E}.Release|Any CPU.Build.0 = Release|Any CPU
	EndGlobalSection
	GlobalSection(SolutionProperties) = preSolution
		HideSolutionNode = FALSE
	EndGlobalSection
	GlobalSection(ExtensibilityGlobals) = postSolution
		SolutionGuid = {41A059BC-41EE-4592-98C0-677886F75C2C}
	EndGlobalSection
EndGlobal
